# generated by rye
# use `rye lock` or `rye sync` to update this lockfile
#
# last locked with the following flags:
#   pre: false
#   features: []
#   all-features: false
#   with-sources: false
#   generate-hashes: false
#   universal: false

-e file:.
aiohappyeyeballs==2.6.1
    # via aiohttp
aiohttp==3.12.15
    # via litellm
aiosignal==1.4.0
    # via aiohttp
annotated-types==0.7.0
    # via pydantic
anyio==4.10.0
    # via httpx
    # via openai
attrs==25.3.0
    # via aiohttp
    # via jsonschema
    # via referencing
cachetools==6.1.0
    # via zhipuai
certifi==2025.8.3
    # via httpcore
    # via httpx
    # via requests
charset-normalizer==3.4.3
    # via requests
click==8.2.1
    # via litellm
contourpy==1.3.3
    # via matplotlib
cycler==0.12.1
    # via matplotlib
distro==1.9.0
    # via openai
filelock==3.19.1
    # via huggingface-hub
fonttools==4.59.1
    # via matplotlib
frozenlist==1.7.0
    # via aiohttp
    # via aiosignal
fsspec==2025.7.0
    # via huggingface-hub
h11==0.16.0
    # via httpcore
hf-xet==1.1.8
    # via huggingface-hub
httpcore==1.0.9
    # via httpx
httpx==0.28.1
    # via litellm
    # via magman-llm
    # via openai
    # via zhipuai
huggingface-hub==0.34.4
    # via tokenizers
idna==3.10
    # via anyio
    # via httpx
    # via requests
    # via yarl
importlib-metadata==8.7.0
    # via litellm
inflection==0.5.1
    # via openapi
jinja2==3.1.6
    # via litellm
jiter==0.10.0
    # via openai
joblib==1.5.1
    # via scikit-learn
jsonschema==4.25.1
    # via litellm
    # via openapi
jsonschema-specifications==2025.4.1
    # via jsonschema
kiwisolver==1.4.9
    # via matplotlib
litellm==1.75.9
    # via magman-llm
markupsafe==3.0.2
    # via jinja2
matplotlib==3.10.5
    # via magman-llm
    # via seaborn
multidict==6.6.4
    # via aiohttp
    # via yarl
numpy==2.3.2
    # via contourpy
    # via matplotlib
    # via pandas
    # via scikit-learn
    # via scipy
    # via seaborn
openai==1.101.0
    # via litellm
    # via magman-llm
openapi==2.0.0
    # via magman-llm
packaging==25.0
    # via huggingface-hub
    # via matplotlib
pandas==2.3.2
    # via magman-llm
    # via seaborn
pillow==11.3.0
    # via matplotlib
pip==25.2
    # via magman-llm
propcache==0.3.2
    # via aiohttp
    # via yarl
pydantic==2.11.7
    # via litellm
    # via openai
    # via zhipuai
pydantic-core==2.33.2
    # via pydantic
    # via zhipuai
pyjwt==2.8.0
    # via zhipuai
pyparsing==3.2.3
    # via matplotlib
python-dateutil==2.9.0.post0
    # via matplotlib
    # via pandas
python-dotenv==1.1.1
    # via litellm
pytz==2025.2
    # via pandas
pyyaml==6.0.2
    # via huggingface-hub
referencing==0.36.2
    # via jsonschema
    # via jsonschema-specifications
regex==2025.7.34
    # via tiktoken
requests==2.32.5
    # via huggingface-hub
    # via tiktoken
rpds-py==0.27.0
    # via jsonschema
    # via referencing
scikit-learn==1.7.1
    # via magman-llm
scipy==1.16.1
    # via scikit-learn
seaborn==0.13.2
    # via magman-llm
six==1.17.0
    # via python-dateutil
sniffio==1.3.1
    # via anyio
    # via openai
threadpoolctl==3.6.0
    # via scikit-learn
tiktoken==0.11.0
    # via litellm
tokenizers==0.21.4
    # via litellm
tqdm==4.67.1
    # via huggingface-hub
    # via openai
typing-extensions==4.14.1
    # via aiosignal
    # via anyio
    # via huggingface-hub
    # via openai
    # via pydantic
    # via pydantic-core
    # via referencing
    # via typing-inspection
typing-inspection==0.4.1
    # via pydantic
tzdata==2025.2
    # via pandas
urllib3==2.5.0
    # via requests
yarl==1.20.1
    # via aiohttp
zhipuai==2.1.5.20250801
    # via magman-llm
zipp==3.23.0
    # via importlib-metadata
